
Microsoft Visual Studio Solution File, Format Version 12.00
# Visual Studio Version 17
VisualStudioVersion = 17.6.33712.159
MinimumVisualStudioVersion = 10.0.40219.1
Project("{FAE04EC0-301F-11D3-BF4B-00C04F79EFBC}") = "Bank System", "Bank System\Bank System.csproj", "{7E38EECF-6B97-4C02-91C5-4FB72D0CCCEE}"
EndProject
Global
	GlobalSection(SolutionConfigurationPlatforms) = preSolution
		Debug|Any CPU = Debug|Any CPU
		Release|Any CPU = Release|Any CPU
	EndGlobalSection
	GlobalSection(ProjectConfigurationPlatforms) = postSolution
		{7E38EECF-6B97-4C02-91C5-4FB72D0CCCEE}.Debug|Any CPU.ActiveCfg = Debug|Any CPU
		{7E38EECF-6B97-4C02-91C5-4FB72D0CCCEE}.Debug|Any CPU.Build.0 = Debug|Any CPU
		{7E38EECF-6B97-4C02-91C5-4FB72D0CCCEE}.Release|Any CPU.ActiveCfg = Release|Any CPU
		{7E38EECF-6B97-4C02-91C5-4FB72D0CCCEE}.Release|Any CPU.Build.0 = Release|Any CPU
	EndGlobalSection
	GlobalSection(SolutionProperties) = preSolution
		HideSolutionNode = FALSE
	EndGlobalSection
	GlobalSection(ExtensibilityGlobals) = postSolution
		SolutionGuid = {8F8C46F7-A100-49FE-8F30-A21D5A099CF3}
	EndGlobalSection
EndGlobal
